
Microsoft Visual Studio Solution File, Format Version 12.00
# Visual Studio Version 17
VisualStudioVersion = 17.5.33502.453
MinimumVisualStudioVersion = 10.0.40219.1
Project("{9A19103F-16F7-4668-BE54-9A1E7A4F7556}") = "1Prvni", "1Prvni\1Prvni.csproj", "{3D38A1F1-8A66-4652-8ADF-D5852FBCD21A}"
EndProject
Project("{9A19103F-16F7-4668-BE54-9A1E7A4F7556}") = "2Rozhrani", "1Rozhrani\2Rozhrani.csproj", "{2DAAE6FD-24EE-49CF-897B-0F8E329F66E6}"
EndProject
Project("{9A19103F-16F7-4668-BE54-9A1E7A4F7556}") = "CsharpExerciseOnClasses1", "CsharpExerciseOnClasses1\CsharpExerciseOnClasses1.csproj", "{831E817D-370E-46DA-BFB4-164DBC52C640}"
EndProject
Project("{9A19103F-16F7-4668-BE54-9A1E7A4F7556}") = "CsharpExerciseOnClasses2", "CsharpExerciseOnClasses2\CsharpExerciseOnClasses2.csproj", "{ADF99176-7491-4C42-8C4F-F1672C5F62FC}"
EndProject
Project("{9A19103F-16F7-4668-BE54-9A1E7A4F7556}") = "3Account", "3Account\3Account.csproj", "{AE70108E-A150-4116-B3A0-2DD59927BD43}"
EndProject
Project("{9A19103F-16F7-4668-BE54-9A1E7A4F7556}") = "CsharpExerciseOnClasses2b", "CsharpExerciseOnClasses2b\CsharpExerciseOnClasses2b.csproj", "{89218A78-D850-4CE5-AA48-85AD9161E38E}"
EndProject
Project("{9A19103F-16F7-4668-BE54-9A1E7A4F7556}") = "CsharpExerciseOnClasses2c", "CsharpExerciseOnClasses2c\CsharpExerciseOnClasses2c.csproj", "{F28EABE5-A83E-427C-A22A-B5EDCA521F50}"
EndProject
Project("{9A19103F-16F7-4668-BE54-9A1E7A4F7556}") = "4Point", "4Point\4Point.csproj", "{5DF2EC21-20D5-441F-B28F-99EC20D3BAD9}"
EndProject
Project("{FAE04EC0-301F-11D3-BF4B-00C04F79EFBC}") = "CsharpExerciseOnComposition", "CsharpExerciseOnComposition\CsharpExerciseOnComposition.csproj", "{F8636222-97E4-4FFB-9B46-9DA126FBB7B4}"
EndProject
Project("{FAE04EC0-301F-11D3-BF4B-00C04F79EFBC}") = "5Files", "5Files\5Files.csproj", "{500E6479-D18C-4E29-AE70-814162A6A64C}"
EndProject
Project("{FAE04EC0-301F-11D3-BF4B-00C04F79EFBC}") = "TrainExercise", "TrainExercise\TrainExercise.csproj", "{D615F6B6-88CB-4128-AF90-8EACD6128E6F}"
EndProject
Global
	GlobalSection(SolutionConfigurationPlatforms) = preSolution
		Debug|Any CPU = Debug|Any CPU
		Release|Any CPU = Release|Any CPU
	EndGlobalSection
	GlobalSection(ProjectConfigurationPlatforms) = postSolution
		{3D38A1F1-8A66-4652-8ADF-D5852FBCD21A}.Debug|Any CPU.ActiveCfg = Debug|Any CPU
		{3D38A1F1-8A66-4652-8ADF-D5852FBCD21A}.Debug|Any CPU.Build.0 = Debug|Any CPU
		{3D38A1F1-8A66-4652-8ADF-D5852FBCD21A}.Release|Any CPU.ActiveCfg = Release|Any CPU
		{3D38A1F1-8A66-4652-8ADF-D5852FBCD21A}.Release|Any CPU.Build.0 = Release|Any CPU
		{2DAAE6FD-24EE-49CF-897B-0F8E329F66E6}.Debug|Any CPU.ActiveCfg = Debug|Any CPU
		{2DAAE6FD-24EE-49CF-897B-0F8E329F66E6}.Debug|Any CPU.Build.0 = Debug|Any CPU
		{2DAAE6FD-24EE-49CF-897B-0F8E329F66E6}.Release|Any CPU.ActiveCfg = Release|Any CPU
		{2DAAE6FD-24EE-49CF-897B-0F8E329F66E6}.Release|Any CPU.Build.0 = Release|Any CPU
		{831E817D-370E-46DA-BFB4-164DBC52C640}.Debug|Any CPU.ActiveCfg = Debug|Any CPU
		{831E817D-370E-46DA-BFB4-164DBC52C640}.Debug|Any CPU.Build.0 = Debug|Any CPU
		{831E817D-370E-46DA-BFB4-164DBC52C640}.Release|Any CPU.ActiveCfg = Release|Any CPU
		{831E817D-370E-46DA-BFB4-164DBC52C640}.Release|Any CPU.Build.0 = Release|Any CPU
		{ADF99176-7491-4C42-8C4F-F1672C5F62FC}.Debug|Any CPU.ActiveCfg = Debug|Any CPU
		{ADF99176-7491-4C42-8C4F-F1672C5F62FC}.Debug|Any CPU.Build.0 = Debug|Any CPU
		{ADF99176-7491-4C42-8C4F-F1672C5F62FC}.Release|Any CPU.ActiveCfg = Release|Any CPU
		{ADF99176-7491-4C42-8C4F-F1672C5F62FC}.Release|Any CPU.Build.0 = Release|Any CPU
		{AE70108E-A150-4116-B3A0-2DD59927BD43}.Debug|Any CPU.ActiveCfg = Debug|Any CPU
		{AE70108E-A150-4116-B3A0-2DD59927BD43}.Debug|Any CPU.Build.0 = Debug|Any CPU
		{AE70108E-A150-4116-B3A0-2DD59927BD43}.Release|Any CPU.ActiveCfg = Release|Any CPU
		{AE70108E-A150-4116-B3A0-2DD59927BD43}.Release|Any CPU.Build.0 = Release|Any CPU
		{89218A78-D850-4CE5-AA48-85AD9161E38E}.Debug|Any CPU.ActiveCfg = Debug|Any CPU
		{89218A78-D850-4CE5-AA48-85AD9161E38E}.Debug|Any CPU.Build.0 = Debug|Any CPU
		{89218A78-D850-4CE5-AA48-85AD9161E38E}.Release|Any CPU.ActiveCfg = Release|Any CPU
		{89218A78-D850-4CE5-AA48-85AD9161E38E}.Release|Any CPU.Build.0 = Release|Any CPU
		{F28EABE5-A83E-427C-A22A-B5EDCA521F50}.Debug|Any CPU.ActiveCfg = Debug|Any CPU
		{F28EABE5-A83E-427C-A22A-B5EDCA521F50}.Debug|Any CPU.Build.0 = Debug|Any CPU
		{F28EABE5-A83E-427C-A22A-B5EDCA521F50}.Release|Any CPU.ActiveCfg = Release|Any CPU
		{F28EABE5-A83E-427C-A22A-B5EDCA521F50}.Release|Any CPU.Build.0 = Release|Any CPU
		{5DF2EC21-20D5-441F-B28F-99EC20D3BAD9}.Debug|Any CPU.ActiveCfg = Debug|Any CPU
		{5DF2EC21-20D5-441F-B28F-99EC20D3BAD9}.Debug|Any CPU.Build.0 = Debug|Any CPU
		{5DF2EC21-20D5-441F-B28F-99EC20D3BAD9}.Release|Any CPU.ActiveCfg = Release|Any CPU
		{5DF2EC21-20D5-441F-B28F-99EC20D3BAD9}.Release|Any CPU.Build.0 = Release|Any CPU
		{F8636222-97E4-4FFB-9B46-9DA126FBB7B4}.Debug|Any CPU.ActiveCfg = Debug|Any CPU
		{F8636222-97E4-4FFB-9B46-9DA126FBB7B4}.Debug|Any CPU.Build.0 = Debug|Any CPU
		{F8636222-97E4-4FFB-9B46-9DA126FBB7B4}.Release|Any CPU.ActiveCfg = Release|Any CPU
		{F8636222-97E4-4FFB-9B46-9DA126FBB7B4}.Release|Any CPU.Build.0 = Release|Any CPU
		{500E6479-D18C-4E29-AE70-814162A6A64C}.Debug|Any CPU.ActiveCfg = Debug|Any CPU
		{500E6479-D18C-4E29-AE70-814162A6A64C}.Debug|Any CPU.Build.0 = Debug|Any CPU
		{500E6479-D18C-4E29-AE70-814162A6A64C}.Release|Any CPU.ActiveCfg = Release|Any CPU
		{500E6479-D18C-4E29-AE70-814162A6A64C}.Release|Any CPU.Build.0 = Release|Any CPU
		{D615F6B6-88CB-4128-AF90-8EACD6128E6F}.Debug|Any CPU.ActiveCfg = Debug|Any CPU
		{D615F6B6-88CB-4128-AF90-8EACD6128E6F}.Debug|Any CPU.Build.0 = Debug|Any CPU
		{D615F6B6-88CB-4128-AF90-8EACD6128E6F}.Release|Any CPU.ActiveCfg = Release|Any CPU
		{D615F6B6-88CB-4128-AF90-8EACD6128E6F}.Release|Any CPU.Build.0 = Release|Any CPU
	EndGlobalSection
	GlobalSection(SolutionProperties) = preSolution
		HideSolutionNode = FALSE
	EndGlobalSection
	GlobalSection(ExtensibilityGlobals) = postSolution
		SolutionGuid = {B980340A-2DFC-44FF-AAD6-E94EC35D4855}
	EndGlobalSection
EndGlobal
