
Microsoft Visual Studio Solution File, Format Version 12.00
# Visual Studio Version 17
VisualStudioVersion = 17.5.33502.453
MinimumVisualStudioVersion = 10.0.40219.1
Project("{9A19103F-16F7-4668-BE54-9A1E7A4F7556}") = "1Prvni", "1Prvni\1Prvni.csproj", "{3D38A1F1-8A66-4652-8ADF-D5852FBCD21A}"
EndProject
Project("{9A19103F-16F7-4668-BE54-9A1E7A4F7556}") = "2Rozhrani", "2Rozhrani\2Rozhrani.csproj", "{2DAAE6FD-24EE-49CF-897B-0F8E329F66E6}"
EndProject
Project("{9A19103F-16F7-4668-BE54-9A1E7A4F7556}") = "CsharpExerciseOnClasses1", "CsharpExerciseOnClasses1\CsharpExerciseOnClasses1.csproj", "{831E817D-370E-46DA-BFB4-164DBC52C640}"
EndProject
Project("{9A19103F-16F7-4668-BE54-9A1E7A4F7556}") = "CsharpExerciseOnClasses2", "CsharpExerciseOnClasses2\CsharpExerciseOnClasses2.csproj", "{ADF99176-7491-4C42-8C4F-F1672C5F62FC}"
EndProject
Project("{9A19103F-16F7-4668-BE54-9A1E7A4F7556}") = "3Account", "3Account\3Account.csproj", "{AE70108E-A150-4116-B3A0-2DD59927BD43}"
EndProject
Project("{9A19103F-16F7-4668-BE54-9A1E7A4F7556}") = "CsharpExerciseOnClasses2b", "CsharpExerciseOnClasses2b\CsharpExerciseOnClasses2b.csproj", "{89218A78-D850-4CE5-AA48-85AD9161E38E}"
EndProject
Project("{9A19103F-16F7-4668-BE54-9A1E7A4F7556}") = "CsharpExerciseOnClasses2c", "CsharpExerciseOnClasses2c\CsharpExerciseOnClasses2c.csproj", "{F28EABE5-A83E-427C-A22A-B5EDCA521F50}"
EndProject
Project("{9A19103F-16F7-4668-BE54-9A1E7A4F7556}") = "4Point", "4Point\4Point.csproj", "{5DF2EC21-20D5-441F-B28F-99EC20D3BAD9}"
EndProject
Project("{9A19103F-16F7-4668-BE54-9A1E7A4F7556}") = "CsharpExerciseOnComposition", "CsharpExerciseOnComposition\CsharpExerciseOnComposition.csproj", "{F8636222-97E4-4FFB-9B46-9DA126FBB7B4}"
EndProject
Project("{9A19103F-16F7-4668-BE54-9A1E7A4F7556}") = "5Files", "5Files\5Files.csproj", "{500E6479-D18C-4E29-AE70-814162A6A64C}"
EndProject
Project("{9A19103F-16F7-4668-BE54-9A1E7A4F7556}") = "TrainExercise", "TrainExercise\TrainExercise.csproj", "{D615F6B6-88CB-4128-AF90-8EACD6128E6F}"
EndProject
Project("{9A19103F-16F7-4668-BE54-9A1E7A4F7556}") = "CsharpExerciseOnComposition2", "CsharpExerciseOnComposition2\CsharpExerciseOnComposition2.csproj", "{D932C855-5567-4E71-8DBE-671DCFA99AB7}"
EndProject
Project("{FAE04EC0-301F-11D3-BF4B-00C04F79EFBC}") = "ThreadFormTime", "ThreadFormTime\ThreadFormTime.csproj", "{1B528BE8-6136-4778-8913-A89CD419CBA6}"
EndProject
Project("{FAE04EC0-301F-11D3-BF4B-00C04F79EFBC}") = "ThreadSort", "ThreadSort\ThreadSort.csproj", "{DA0C1909-A8F9-4567-8433-37C0D5E8D31C}"
EndProject
Project("{2150E333-8FDC-42A3-9474-1A3956D46DE8}") = "ClientServer", "ClientServer", "{D52EFAF0-4CF4-4316-8D41-8E035FFA7B31}"
EndProject
Project("{FAE04EC0-301F-11D3-BF4B-00C04F79EFBC}") = "Klient", "ClientServer\Klient\Klient.csproj", "{8CCDE59C-825D-46C5-90E6-BF0FB9513339}"
EndProject
Project("{FAE04EC0-301F-11D3-BF4B-00C04F79EFBC}") = "Server", "ClientServer\Server\Server.csproj", "{408BDF3A-F756-48DE-9351-CB2E23D6C010}"
EndProject
Project("{FAE04EC0-301F-11D3-BF4B-00C04F79EFBC}") = "ServerLib", "ClientServer\ServerLib\ServerLib.csproj", "{2F08B36D-B7A2-43BC-BCC0-6911479196C0}"
EndProject
Project("{2150E333-8FDC-42A3-9474-1A3956D46DE8}") = "ClientServerAuth", "ClientServerAuth", "{73E214E7-51C6-40AA-A82A-860363FD9407}"
EndProject
Project("{FAE04EC0-301F-11D3-BF4B-00C04F79EFBC}") = "Klient", "ClientServerAuth\Klient\Klient.csproj", "{D0B7DD34-6682-4434-B9D3-1F0E2363C8E8}"
EndProject
Project("{FAE04EC0-301F-11D3-BF4B-00C04F79EFBC}") = "Server", "ClientServerAuth\Server\Server.csproj", "{10DE9FD6-538E-41FB-B48B-C2C834A189FB}"
EndProject
Project("{FAE04EC0-301F-11D3-BF4B-00C04F79EFBC}") = "ServerLib", "ClientServerAuth\ServerLib\ServerLib.csproj", "{5A9DF87D-24DF-4A89-BBD7-A9C1614723FF}"
EndProject
Global
	GlobalSection(SolutionConfigurationPlatforms) = preSolution
		Debug|Any CPU = Debug|Any CPU
		Release|Any CPU = Release|Any CPU
	EndGlobalSection
	GlobalSection(ProjectConfigurationPlatforms) = postSolution
		{3D38A1F1-8A66-4652-8ADF-D5852FBCD21A}.Debug|Any CPU.ActiveCfg = Debug|Any CPU
		{3D38A1F1-8A66-4652-8ADF-D5852FBCD21A}.Debug|Any CPU.Build.0 = Debug|Any CPU
		{3D38A1F1-8A66-4652-8ADF-D5852FBCD21A}.Release|Any CPU.ActiveCfg = Release|Any CPU
		{3D38A1F1-8A66-4652-8ADF-D5852FBCD21A}.Release|Any CPU.Build.0 = Release|Any CPU
		{2DAAE6FD-24EE-49CF-897B-0F8E329F66E6}.Debug|Any CPU.ActiveCfg = Debug|Any CPU
		{2DAAE6FD-24EE-49CF-897B-0F8E329F66E6}.Debug|Any CPU.Build.0 = Debug|Any CPU
		{2DAAE6FD-24EE-49CF-897B-0F8E329F66E6}.Release|Any CPU.ActiveCfg = Release|Any CPU
		{2DAAE6FD-24EE-49CF-897B-0F8E329F66E6}.Release|Any CPU.Build.0 = Release|Any CPU
		{831E817D-370E-46DA-BFB4-164DBC52C640}.Debug|Any CPU.ActiveCfg = Debug|Any CPU
		{831E817D-370E-46DA-BFB4-164DBC52C640}.Debug|Any CPU.Build.0 = Debug|Any CPU
		{831E817D-370E-46DA-BFB4-164DBC52C640}.Release|Any CPU.ActiveCfg = Release|Any CPU
		{831E817D-370E-46DA-BFB4-164DBC52C640}.Release|Any CPU.Build.0 = Release|Any CPU
		{ADF99176-7491-4C42-8C4F-F1672C5F62FC}.Debug|Any CPU.ActiveCfg = Debug|Any CPU
		{ADF99176-7491-4C42-8C4F-F1672C5F62FC}.Debug|Any CPU.Build.0 = Debug|Any CPU
		{ADF99176-7491-4C42-8C4F-F1672C5F62FC}.Release|Any CPU.ActiveCfg = Release|Any CPU
		{ADF99176-7491-4C42-8C4F-F1672C5F62FC}.Release|Any CPU.Build.0 = Release|Any CPU
		{AE70108E-A150-4116-B3A0-2DD59927BD43}.Debug|Any CPU.ActiveCfg = Debug|Any CPU
		{AE70108E-A150-4116-B3A0-2DD59927BD43}.Debug|Any CPU.Build.0 = Debug|Any CPU
		{AE70108E-A150-4116-B3A0-2DD59927BD43}.Release|Any CPU.ActiveCfg = Release|Any CPU
		{AE70108E-A150-4116-B3A0-2DD59927BD43}.Release|Any CPU.Build.0 = Release|Any CPU
		{89218A78-D850-4CE5-AA48-85AD9161E38E}.Debug|Any CPU.ActiveCfg = Debug|Any CPU
		{89218A78-D850-4CE5-AA48-85AD9161E38E}.Debug|Any CPU.Build.0 = Debug|Any CPU
		{89218A78-D850-4CE5-AA48-85AD9161E38E}.Release|Any CPU.ActiveCfg = Release|Any CPU
		{89218A78-D850-4CE5-AA48-85AD9161E38E}.Release|Any CPU.Build.0 = Release|Any CPU
		{F28EABE5-A83E-427C-A22A-B5EDCA521F50}.Debug|Any CPU.ActiveCfg = Debug|Any CPU
		{F28EABE5-A83E-427C-A22A-B5EDCA521F50}.Debug|Any CPU.Build.0 = Debug|Any CPU
		{F28EABE5-A83E-427C-A22A-B5EDCA521F50}.Release|Any CPU.ActiveCfg = Release|Any CPU
		{F28EABE5-A83E-427C-A22A-B5EDCA521F50}.Release|Any CPU.Build.0 = Release|Any CPU
		{5DF2EC21-20D5-441F-B28F-99EC20D3BAD9}.Debug|Any CPU.ActiveCfg = Debug|Any CPU
		{5DF2EC21-20D5-441F-B28F-99EC20D3BAD9}.Debug|Any CPU.Build.0 = Debug|Any CPU
		{5DF2EC21-20D5-441F-B28F-99EC20D3BAD9}.Release|Any CPU.ActiveCfg = Release|Any CPU
		{5DF2EC21-20D5-441F-B28F-99EC20D3BAD9}.Release|Any CPU.Build.0 = Release|Any CPU
		{F8636222-97E4-4FFB-9B46-9DA126FBB7B4}.Debug|Any CPU.ActiveCfg = Debug|Any CPU
		{F8636222-97E4-4FFB-9B46-9DA126FBB7B4}.Debug|Any CPU.Build.0 = Debug|Any CPU
		{F8636222-97E4-4FFB-9B46-9DA126FBB7B4}.Release|Any CPU.ActiveCfg = Release|Any CPU
		{F8636222-97E4-4FFB-9B46-9DA126FBB7B4}.Release|Any CPU.Build.0 = Release|Any CPU
		{500E6479-D18C-4E29-AE70-814162A6A64C}.Debug|Any CPU.ActiveCfg = Debug|Any CPU
		{500E6479-D18C-4E29-AE70-814162A6A64C}.Debug|Any CPU.Build.0 = Debug|Any CPU
		{500E6479-D18C-4E29-AE70-814162A6A64C}.Release|Any CPU.ActiveCfg = Release|Any CPU
		{500E6479-D18C-4E29-AE70-814162A6A64C}.Release|Any CPU.Build.0 = Release|Any CPU
		{D615F6B6-88CB-4128-AF90-8EACD6128E6F}.Debug|Any CPU.ActiveCfg = Debug|Any CPU
		{D615F6B6-88CB-4128-AF90-8EACD6128E6F}.Debug|Any CPU.Build.0 = Debug|Any CPU
		{D615F6B6-88CB-4128-AF90-8EACD6128E6F}.Release|Any CPU.ActiveCfg = Release|Any CPU
		{D615F6B6-88CB-4128-AF90-8EACD6128E6F}.Release|Any CPU.Build.0 = Release|Any CPU
		{D932C855-5567-4E71-8DBE-671DCFA99AB7}.Debug|Any CPU.ActiveCfg = Debug|Any CPU
		{D932C855-5567-4E71-8DBE-671DCFA99AB7}.Debug|Any CPU.Build.0 = Debug|Any CPU
		{D932C855-5567-4E71-8DBE-671DCFA99AB7}.Release|Any CPU.ActiveCfg = Release|Any CPU
		{D932C855-5567-4E71-8DBE-671DCFA99AB7}.Release|Any CPU.Build.0 = Release|Any CPU
		{1B528BE8-6136-4778-8913-A89CD419CBA6}.Debug|Any CPU.ActiveCfg = Debug|Any CPU
		{1B528BE8-6136-4778-8913-A89CD419CBA6}.Debug|Any CPU.Build.0 = Debug|Any CPU
		{1B528BE8-6136-4778-8913-A89CD419CBA6}.Release|Any CPU.ActiveCfg = Release|Any CPU
		{1B528BE8-6136-4778-8913-A89CD419CBA6}.Release|Any CPU.Build.0 = Release|Any CPU
		{DA0C1909-A8F9-4567-8433-37C0D5E8D31C}.Debug|Any CPU.ActiveCfg = Debug|Any CPU
		{DA0C1909-A8F9-4567-8433-37C0D5E8D31C}.Debug|Any CPU.Build.0 = Debug|Any CPU
		{DA0C1909-A8F9-4567-8433-37C0D5E8D31C}.Release|Any CPU.ActiveCfg = Release|Any CPU
		{DA0C1909-A8F9-4567-8433-37C0D5E8D31C}.Release|Any CPU.Build.0 = Release|Any CPU
		{8CCDE59C-825D-46C5-90E6-BF0FB9513339}.Debug|Any CPU.ActiveCfg = Debug|Any CPU
		{8CCDE59C-825D-46C5-90E6-BF0FB9513339}.Debug|Any CPU.Build.0 = Debug|Any CPU
		{8CCDE59C-825D-46C5-90E6-BF0FB9513339}.Release|Any CPU.ActiveCfg = Release|Any CPU
		{8CCDE59C-825D-46C5-90E6-BF0FB9513339}.Release|Any CPU.Build.0 = Release|Any CPU
		{408BDF3A-F756-48DE-9351-CB2E23D6C010}.Debug|Any CPU.ActiveCfg = Debug|Any CPU
		{408BDF3A-F756-48DE-9351-CB2E23D6C010}.Debug|Any CPU.Build.0 = Debug|Any CPU
		{408BDF3A-F756-48DE-9351-CB2E23D6C010}.Release|Any CPU.ActiveCfg = Release|Any CPU
		{408BDF3A-F756-48DE-9351-CB2E23D6C010}.Release|Any CPU.Build.0 = Release|Any CPU
		{2F08B36D-B7A2-43BC-BCC0-6911479196C0}.Debug|Any CPU.ActiveCfg = Debug|Any CPU
		{2F08B36D-B7A2-43BC-BCC0-6911479196C0}.Debug|Any CPU.Build.0 = Debug|Any CPU
		{2F08B36D-B7A2-43BC-BCC0-6911479196C0}.Release|Any CPU.ActiveCfg = Release|Any CPU
		{2F08B36D-B7A2-43BC-BCC0-6911479196C0}.Release|Any CPU.Build.0 = Release|Any CPU
		{D0B7DD34-6682-4434-B9D3-1F0E2363C8E8}.Debug|Any CPU.ActiveCfg = Debug|Any CPU
		{D0B7DD34-6682-4434-B9D3-1F0E2363C8E8}.Debug|Any CPU.Build.0 = Debug|Any CPU
		{D0B7DD34-6682-4434-B9D3-1F0E2363C8E8}.Release|Any CPU.ActiveCfg = Release|Any CPU
		{D0B7DD34-6682-4434-B9D3-1F0E2363C8E8}.Release|Any CPU.Build.0 = Release|Any CPU
		{10DE9FD6-538E-41FB-B48B-C2C834A189FB}.Debug|Any CPU.ActiveCfg = Debug|Any CPU
		{10DE9FD6-538E-41FB-B48B-C2C834A189FB}.Debug|Any CPU.Build.0 = Debug|Any CPU
		{10DE9FD6-538E-41FB-B48B-C2C834A189FB}.Release|Any CPU.ActiveCfg = Release|Any CPU
		{10DE9FD6-538E-41FB-B48B-C2C834A189FB}.Release|Any CPU.Build.0 = Release|Any CPU
		{5A9DF87D-24DF-4A89-BBD7-A9C1614723FF}.Debug|Any CPU.ActiveCfg = Debug|Any CPU
		{5A9DF87D-24DF-4A89-BBD7-A9C1614723FF}.Debug|Any CPU.Build.0 = Debug|Any CPU
		{5A9DF87D-24DF-4A89-BBD7-A9C1614723FF}.Release|Any CPU.ActiveCfg = Release|Any CPU
		{5A9DF87D-24DF-4A89-BBD7-A9C1614723FF}.Release|Any CPU.Build.0 = Release|Any CPU
	EndGlobalSection
	GlobalSection(SolutionProperties) = preSolution
		HideSolutionNode = FALSE
	EndGlobalSection
	GlobalSection(NestedProjects) = preSolution
		{8CCDE59C-825D-46C5-90E6-BF0FB9513339} = {D52EFAF0-4CF4-4316-8D41-8E035FFA7B31}
		{408BDF3A-F756-48DE-9351-CB2E23D6C010} = {D52EFAF0-4CF4-4316-8D41-8E035FFA7B31}
		{2F08B36D-B7A2-43BC-BCC0-6911479196C0} = {D52EFAF0-4CF4-4316-8D41-8E035FFA7B31}
		{D0B7DD34-6682-4434-B9D3-1F0E2363C8E8} = {73E214E7-51C6-40AA-A82A-860363FD9407}
		{10DE9FD6-538E-41FB-B48B-C2C834A189FB} = {73E214E7-51C6-40AA-A82A-860363FD9407}
		{5A9DF87D-24DF-4A89-BBD7-A9C1614723FF} = {73E214E7-51C6-40AA-A82A-860363FD9407}
	EndGlobalSection
	GlobalSection(ExtensibilityGlobals) = postSolution
		SolutionGuid = {B980340A-2DFC-44FF-AAD6-E94EC35D4855}
	EndGlobalSection
EndGlobal
